
Microsoft Visual Studio Solution File, Format Version 12.00
# Visual Studio Version 17
VisualStudioVersion = 17.9.34728.123
MinimumVisualStudioVersion = 10.0.40219.1
Project("{FAE04EC0-301F-11D3-BF4B-00C04F79EFBC}") = "GameDataParser", "GameDataParser.csproj", "{08FAC427-5B2B-43E8-9C56-5D8B0D3AE64E}"
EndProject
Global
	GlobalSection(SolutionConfigurationPlatforms) = preSolution
		Debug|Any CPU = Debug|Any CPU
		Release|Any CPU = Release|Any CPU
	EndGlobalSection
	GlobalSection(ProjectConfigurationPlatforms) = postSolution
		{08FAC427-5B2B-43E8-9C56-5D8B0D3AE64E}.Debug|Any CPU.ActiveCfg = Debug|Any CPU
		{08FAC427-5B2B-43E8-9C56-5D8B0D3AE64E}.Debug|Any CPU.Build.0 = Debug|Any CPU
		{08FAC427-5B2B-43E8-9C56-5D8B0D3AE64E}.Release|Any CPU.ActiveCfg = Release|Any CPU
		{08FAC427-5B2B-43E8-9C56-5D8B0D3AE64E}.Release|Any CPU.Build.0 = Release|Any CPU
	EndGlobalSection
	GlobalSection(SolutionProperties) = preSolution
		HideSolutionNode = FALSE
	EndGlobalSection
	GlobalSection(ExtensibilityGlobals) = postSolution
		SolutionGuid = {81B2B119-45BA-4BF6-8B6D-929DD3F226D9}
	EndGlobalSection
EndGlobal
